
Microsoft Visual Studio Solution File, Format Version 12.00
# Visual Studio Version 17
VisualStudioVersion = 17.3.32929.385
MinimumVisualStudioVersion = 10.0.40219.1
Project("{2150E333-8FDC-42A3-9474-1A3956D46DE8}") = "Microservices", "Microservices", "{6B4EA705-2CC6-48A7-A22F-FEC69B5D189D}"
EndProject
Project("{9A19103F-16F7-4668-BE54-9A1E7A4F7556}") = "ProduitAPI", "ProductAPI\ProduitAPI.csproj", "{79E8C920-F672-4C23-995B-7AEA2CF88D10}"
EndProject
Project("{9A19103F-16F7-4668-BE54-9A1E7A4F7556}") = "UserAPI", "UserAPI\UserAPI.csproj", "{F9D244EF-96F0-4BE0-8D71-98DB519375C4}"
EndProject
Project("{9A19103F-16F7-4668-BE54-9A1E7A4F7556}") = "Gateway", "Gateway\Gateway.csproj", "{B6DC5C0B-6796-4C22-9CCA-B6B37F3A2C7D}"
EndProject
Project("{9A19103F-16F7-4668-BE54-9A1E7A4F7556}") = "PanierAPI", "PanierAPI\PanierAPI.csproj", "{85B8E2B4-1580-48B5-9F46-964D2496E665}"
EndProject
Project("{9A19103F-16F7-4668-BE54-9A1E7A4F7556}") = "FactureAPI", "FactureAPI\FactureAPI.csproj", "{725C1FFD-7867-4637-B4E3-A6D771820B0A}"
EndProject
Project("{9A19103F-16F7-4668-BE54-9A1E7A4F7556}") = "StatsAPI", "StatsAPI\StatsAPI.csproj", "{707968A4-AB25-43D2-8129-39EB054A6BD1}"
EndProject
Project("{9A19103F-16F7-4668-BE54-9A1E7A4F7556}") = "PaiementAPI", "PaiementAPI\PaiementAPI.csproj", "{44E109B1-E8BB-4809-B72E-9653357B4217}"
EndProject
Global
	GlobalSection(SolutionConfigurationPlatforms) = preSolution
		Debug|Any CPU = Debug|Any CPU
		Release|Any CPU = Release|Any CPU
	EndGlobalSection
	GlobalSection(ProjectConfigurationPlatforms) = postSolution
		{79E8C920-F672-4C23-995B-7AEA2CF88D10}.Debug|Any CPU.ActiveCfg = Debug|Any CPU
		{79E8C920-F672-4C23-995B-7AEA2CF88D10}.Debug|Any CPU.Build.0 = Debug|Any CPU
		{79E8C920-F672-4C23-995B-7AEA2CF88D10}.Release|Any CPU.ActiveCfg = Release|Any CPU
		{79E8C920-F672-4C23-995B-7AEA2CF88D10}.Release|Any CPU.Build.0 = Release|Any CPU
		{F9D244EF-96F0-4BE0-8D71-98DB519375C4}.Debug|Any CPU.ActiveCfg = Debug|Any CPU
		{F9D244EF-96F0-4BE0-8D71-98DB519375C4}.Debug|Any CPU.Build.0 = Debug|Any CPU
		{F9D244EF-96F0-4BE0-8D71-98DB519375C4}.Release|Any CPU.ActiveCfg = Release|Any CPU
		{F9D244EF-96F0-4BE0-8D71-98DB519375C4}.Release|Any CPU.Build.0 = Release|Any CPU
		{B6DC5C0B-6796-4C22-9CCA-B6B37F3A2C7D}.Debug|Any CPU.ActiveCfg = Debug|Any CPU
		{B6DC5C0B-6796-4C22-9CCA-B6B37F3A2C7D}.Debug|Any CPU.Build.0 = Debug|Any CPU
		{B6DC5C0B-6796-4C22-9CCA-B6B37F3A2C7D}.Release|Any CPU.ActiveCfg = Release|Any CPU
		{B6DC5C0B-6796-4C22-9CCA-B6B37F3A2C7D}.Release|Any CPU.Build.0 = Release|Any CPU
		{85B8E2B4-1580-48B5-9F46-964D2496E665}.Debug|Any CPU.ActiveCfg = Debug|Any CPU
		{85B8E2B4-1580-48B5-9F46-964D2496E665}.Debug|Any CPU.Build.0 = Debug|Any CPU
		{85B8E2B4-1580-48B5-9F46-964D2496E665}.Release|Any CPU.ActiveCfg = Release|Any CPU
		{85B8E2B4-1580-48B5-9F46-964D2496E665}.Release|Any CPU.Build.0 = Release|Any CPU
		{725C1FFD-7867-4637-B4E3-A6D771820B0A}.Debug|Any CPU.ActiveCfg = Debug|Any CPU
		{725C1FFD-7867-4637-B4E3-A6D771820B0A}.Debug|Any CPU.Build.0 = Debug|Any CPU
		{725C1FFD-7867-4637-B4E3-A6D771820B0A}.Release|Any CPU.ActiveCfg = Release|Any CPU
		{725C1FFD-7867-4637-B4E3-A6D771820B0A}.Release|Any CPU.Build.0 = Release|Any CPU
		{707968A4-AB25-43D2-8129-39EB054A6BD1}.Debug|Any CPU.ActiveCfg = Debug|Any CPU
		{707968A4-AB25-43D2-8129-39EB054A6BD1}.Debug|Any CPU.Build.0 = Debug|Any CPU
		{707968A4-AB25-43D2-8129-39EB054A6BD1}.Release|Any CPU.ActiveCfg = Release|Any CPU
		{707968A4-AB25-43D2-8129-39EB054A6BD1}.Release|Any CPU.Build.0 = Release|Any CPU
		{44E109B1-E8BB-4809-B72E-9653357B4217}.Debug|Any CPU.ActiveCfg = Debug|Any CPU
		{44E109B1-E8BB-4809-B72E-9653357B4217}.Debug|Any CPU.Build.0 = Debug|Any CPU
		{44E109B1-E8BB-4809-B72E-9653357B4217}.Release|Any CPU.ActiveCfg = Release|Any CPU
		{44E109B1-E8BB-4809-B72E-9653357B4217}.Release|Any CPU.Build.0 = Release|Any CPU
	EndGlobalSection
	GlobalSection(SolutionProperties) = preSolution
		HideSolutionNode = FALSE
	EndGlobalSection
	GlobalSection(NestedProjects) = preSolution
		{79E8C920-F672-4C23-995B-7AEA2CF88D10} = {6B4EA705-2CC6-48A7-A22F-FEC69B5D189D}
		{F9D244EF-96F0-4BE0-8D71-98DB519375C4} = {6B4EA705-2CC6-48A7-A22F-FEC69B5D189D}
		{85B8E2B4-1580-48B5-9F46-964D2496E665} = {6B4EA705-2CC6-48A7-A22F-FEC69B5D189D}
		{725C1FFD-7867-4637-B4E3-A6D771820B0A} = {6B4EA705-2CC6-48A7-A22F-FEC69B5D189D}
		{707968A4-AB25-43D2-8129-39EB054A6BD1} = {6B4EA705-2CC6-48A7-A22F-FEC69B5D189D}
		{44E109B1-E8BB-4809-B72E-9653357B4217} = {6B4EA705-2CC6-48A7-A22F-FEC69B5D189D}
	EndGlobalSection
	GlobalSection(ExtensibilityGlobals) = postSolution
		SolutionGuid = {EE2D3B5E-A7F1-4830-85DF-642AD6E0E157}
	EndGlobalSection
EndGlobal
